
Microsoft Visual Studio Solution File, Format Version 12.00
# Visual Studio 15
VisualStudioVersion = 15.0.26124.0
MinimumVisualStudioVersion = 15.0.26124.0
Project("{2150E333-8FDC-42A3-9474-1A3956D46DE8}") = "src", "src", "{49AF89E2-CCBA-4DF0-B7F6-B42BEDDE017B}"
EndProject
Project("{FAE04EC0-301F-11D3-BF4B-00C04F79EFBC}") = "Dev.UI.Site", "src\Dev.UI.Site\Dev.UI.Site.csproj", "{18A8EACF-A799-4552-9127-F8F154B016D0}"
EndProject
Global
	GlobalSection(SolutionConfigurationPlatforms) = preSolution
		Debug|Any CPU = Debug|Any CPU
		Debug|x64 = Debug|x64
		Debug|x86 = Debug|x86
		Release|Any CPU = Release|Any CPU
		Release|x64 = Release|x64
		Release|x86 = Release|x86
	EndGlobalSection
	GlobalSection(SolutionProperties) = preSolution
		HideSolutionNode = FALSE
	EndGlobalSection
	GlobalSection(ProjectConfigurationPlatforms) = postSolution
		{18A8EACF-A799-4552-9127-F8F154B016D0}.Debug|Any CPU.ActiveCfg = Debug|Any CPU
		{18A8EACF-A799-4552-9127-F8F154B016D0}.Debug|Any CPU.Build.0 = Debug|Any CPU
		{18A8EACF-A799-4552-9127-F8F154B016D0}.Debug|x64.ActiveCfg = Debug|Any CPU
		{18A8EACF-A799-4552-9127-F8F154B016D0}.Debug|x64.Build.0 = Debug|Any CPU
		{18A8EACF-A799-4552-9127-F8F154B016D0}.Debug|x86.ActiveCfg = Debug|Any CPU
		{18A8EACF-A799-4552-9127-F8F154B016D0}.Debug|x86.Build.0 = Debug|Any CPU
		{18A8EACF-A799-4552-9127-F8F154B016D0}.Release|Any CPU.ActiveCfg = Release|Any CPU
		{18A8EACF-A799-4552-9127-F8F154B016D0}.Release|Any CPU.Build.0 = Release|Any CPU
		{18A8EACF-A799-4552-9127-F8F154B016D0}.Release|x64.ActiveCfg = Release|Any CPU
		{18A8EACF-A799-4552-9127-F8F154B016D0}.Release|x64.Build.0 = Release|Any CPU
		{18A8EACF-A799-4552-9127-F8F154B016D0}.Release|x86.ActiveCfg = Release|Any CPU
		{18A8EACF-A799-4552-9127-F8F154B016D0}.Release|x86.Build.0 = Release|Any CPU
	EndGlobalSection
	GlobalSection(NestedProjects) = preSolution
		{18A8EACF-A799-4552-9127-F8F154B016D0} = {49AF89E2-CCBA-4DF0-B7F6-B42BEDDE017B}
	EndGlobalSection
EndGlobal
